{
    "hash": "5d3028b12d60a35e2c8c9e3235ea3043",
    "packages": [
        {
            "name": "illuminate/support",
            "version": "dev-master",
            "target-dir": "Illuminate/Support",
            "source": {
                "type": "git",
                "url": "http://github.com/illuminate/support",
                "reference": "a5f42dfad5c562896d934adc62bfc2d4e6185329"
            },
            "dist": {
                "type": "zip",
                "url": "https://github.com/illuminate/support/archive/a5f42dfad5c562896d934adc62bfc2d4e6185329.zip",
                "reference": "a5f42dfad5c562896d934adc62bfc2d4e6185329",
                "shasum": ""
            },
            "require": {
                "php": ">=5.3.0"
            },
            "time": "2013-01-18 05:17:32",
            "type": "library",
            "extra": {
                "branch-alias": {
                    "dev-master": "4.0-dev"
                }
            },
            "autoload": {
                "psr-0": {
                    "Illuminate\\Support": ""
                },
                "files": [
                    "Illuminate/Support/helpers.php"
                ]
            },
            "notification-url": "https://packagist.org/downloads/",
            "authors": [
                {
                    "name": "Taylor Otwell",
                    "email": "taylorotwell@gmail.com"
                }
            ],
            "description": "Various utilities and support functions."
        },
        {
            "name": "illuminate/validation",
            "version": "dev-master",
            "target-dir": "Illuminate/Validation",
            "source": {
                "type": "git",
                "url": "http://github.com/illuminate/validation",
                "reference": "8a17fa24f3d111aec9839d5f1df42cbfc6c01552"
            },
            "dist": {
                "type": "zip",
                "url": "https://github.com/illuminate/validation/archive/8a17fa24f3d111aec9839d5f1df42cbfc6c01552.zip",
                "reference": "8a17fa24f3d111aec9839d5f1df42cbfc6c01552",
                "shasum": ""
            },
            "require": {
                "php": ">=5.3.0",
                "symfony/http-foundation": "2.2.*",
                "symfony/translation": "2.2.*",
                "illuminate/support": "4.0.x"
            },
            "require-dev": {
                "mockery/mockery": "0.7.2",
                "illuminate/database": "4.0.x"
            },
            "time": "2013-01-11 15:52:49",
            "type": "library",
            "extra": {
                "branch-alias": {
                    "dev-master": "4.0-dev"
                }
            },
            "autoload": {
                "psr-0": {
                    "Illuminate\\Validation": ""
                }
            },
            "notification-url": "https://packagist.org/downloads/",
            "authors": [
                {
                    "name": "Taylor Otwell",
                    "email": "taylorotwell@gmail.com"
                }
            ],
            "description": "An amazingly simple validation library for PHP."
        },
        {
            "name": "symfony/http-foundation",
            "version": "dev-master",
            "target-dir": "Symfony/Component/HttpFoundation",
            "source": {
                "type": "git",
                "url": "https://github.com/symfony/HttpFoundation",
                "reference": "4ab347e5264d460812095eb381a14a93678ae68b"
            },
            "dist": {
                "type": "zip",
                "url": "https://github.com/symfony/HttpFoundation/archive/4ab347e5264d460812095eb381a14a93678ae68b.zip",
                "reference": "4ab347e5264d460812095eb381a14a93678ae68b",
                "shasum": ""
            },
            "require": {
                "php": ">=5.3.3"
            },
            "time": "2013-01-21 16:56:55",
            "type": "library",
            "extra": {
                "branch-alias": {
                    "dev-master": "2.2-dev"
                }
            },
            "autoload": {
                "psr-0": {
                    "Symfony\\Component\\HttpFoundation\\": ""
                },
                "classmap": [
                    "Symfony/Component/HttpFoundation/Resources/stubs"
                ]
            },
            "notification-url": "https://packagist.org/downloads/",
            "license": [
                "MIT"
            ],
            "authors": [
                {
                    "name": "Fabien Potencier",
                    "email": "fabien@symfony.com"
                },
                {
                    "name": "Symfony Community",
                    "homepage": "http://symfony.com/contributors"
                }
            ],
            "description": "Symfony HttpFoundation Component",
            "homepage": "http://symfony.com"
        },
        {
            "name": "symfony/translation",
            "version": "dev-master",
            "target-dir": "Symfony/Component/Translation",
            "source": {
                "type": "git",
                "url": "https://github.com/symfony/Translation",
                "reference": "54a5fe0f22d740af6e29ae709134873a09643e4c"
            },
            "dist": {
                "type": "zip",
                "url": "https://github.com/symfony/Translation/archive/54a5fe0f22d740af6e29ae709134873a09643e4c.zip",
                "reference": "54a5fe0f22d740af6e29ae709134873a09643e4c",
                "shasum": ""
            },
            "require": {
                "php": ">=5.3.3"
            },
            "require-dev": {
                "symfony/config": "2.2.*",
                "symfony/yaml": "2.2.*"
            },
            "suggest": {
                "symfony/config": "2.2.*",
                "symfony/yaml": "2.2.*"
            },
            "time": "2013-01-17 15:25:59",
            "type": "library",
            "extra": {
                "branch-alias": {
                    "dev-master": "2.2-dev"
                }
            },
            "autoload": {
                "psr-0": {
                    "Symfony\\Component\\Translation\\": ""
                }
            },
            "notification-url": "https://packagist.org/downloads/",
            "license": [
                "MIT"
            ],
            "authors": [
                {
                    "name": "Fabien Potencier",
                    "email": "fabien@symfony.com"
                },
                {
                    "name": "Symfony Community",
                    "homepage": "http://symfony.com/contributors"
                }
            ],
            "description": "Symfony Translation Component",
            "homepage": "http://symfony.com"
        }
    ],
    "packages-dev": null,
    "aliases": [

    ],
    "minimum-stability": "dev",
    "stability-flags": [

    ]
}
